
Microsoft Visual Studio Solution File, Format Version 12.00
Project("{FAE04EC0-301F-11D3-BF4B-00C04F79EFBC}") = "Perceptrons", "Perceptrons\Perceptrons.csproj", "{9A9ED248-1CD8-46AE-AE69-24B16C08D12B}"
EndProject
Project("{FAE04EC0-301F-11D3-BF4B-00C04F79EFBC}") = "MultiLayerPerceptrons", "MultiLayerPerceptrons\MultiLayerPerceptrons.csproj", "{B6C50E7E-DCF7-49E4-877D-1019C1358077}"
EndProject
Project("{FAE04EC0-301F-11D3-BF4B-00C04F79EFBC}") = "LearningAI", "LearningAI\LearningAI.csproj", "{C9D38417-546C-4838-87D7-F7543647F51B}"
EndProject
Global
	GlobalSection(SolutionConfigurationPlatforms) = preSolution
		Debug|Any CPU = Debug|Any CPU
		Release|Any CPU = Release|Any CPU
	EndGlobalSection
	GlobalSection(ProjectConfigurationPlatforms) = postSolution
		{9A9ED248-1CD8-46AE-AE69-24B16C08D12B}.Debug|Any CPU.ActiveCfg = Debug|Any CPU
		{9A9ED248-1CD8-46AE-AE69-24B16C08D12B}.Debug|Any CPU.Build.0 = Debug|Any CPU
		{9A9ED248-1CD8-46AE-AE69-24B16C08D12B}.Release|Any CPU.ActiveCfg = Release|Any CPU
		{9A9ED248-1CD8-46AE-AE69-24B16C08D12B}.Release|Any CPU.Build.0 = Release|Any CPU
		{B6C50E7E-DCF7-49E4-877D-1019C1358077}.Debug|Any CPU.ActiveCfg = Debug|Any CPU
		{B6C50E7E-DCF7-49E4-877D-1019C1358077}.Debug|Any CPU.Build.0 = Debug|Any CPU
		{B6C50E7E-DCF7-49E4-877D-1019C1358077}.Release|Any CPU.ActiveCfg = Release|Any CPU
		{B6C50E7E-DCF7-49E4-877D-1019C1358077}.Release|Any CPU.Build.0 = Release|Any CPU
		{C9D38417-546C-4838-87D7-F7543647F51B}.Debug|Any CPU.ActiveCfg = Debug|Any CPU
		{C9D38417-546C-4838-87D7-F7543647F51B}.Debug|Any CPU.Build.0 = Debug|Any CPU
		{C9D38417-546C-4838-87D7-F7543647F51B}.Release|Any CPU.ActiveCfg = Release|Any CPU
		{C9D38417-546C-4838-87D7-F7543647F51B}.Release|Any CPU.Build.0 = Release|Any CPU
	EndGlobalSection
EndGlobal
