
Microsoft Visual Studio Solution File, Format Version 12.00
Project("{FAE04EC0-301F-11D3-BF4B-00C04F79EFBC}") = "NeuralNetwork", "NeuralNetwork\NeuralNetwork.csproj", "{AE2C5157-94C4-443A-8A53-C026D75E4C7E}"
EndProject
Project("{FAE04EC0-301F-11D3-BF4B-00C04F79EFBC}") = "MultiLayerPeceptrons", "MultiLayerPeceptrons\MultiLayerPeceptrons.csproj", "{C615EB7C-2739-4D9E-AD99-537ED8824313}"
EndProject
Global
	GlobalSection(SolutionConfigurationPlatforms) = preSolution
		Debug|Any CPU = Debug|Any CPU
		Release|Any CPU = Release|Any CPU
	EndGlobalSection
	GlobalSection(ProjectConfigurationPlatforms) = postSolution
		{AE2C5157-94C4-443A-8A53-C026D75E4C7E}.Debug|Any CPU.ActiveCfg = Debug|Any CPU
		{AE2C5157-94C4-443A-8A53-C026D75E4C7E}.Debug|Any CPU.Build.0 = Debug|Any CPU
		{AE2C5157-94C4-443A-8A53-C026D75E4C7E}.Release|Any CPU.ActiveCfg = Release|Any CPU
		{AE2C5157-94C4-443A-8A53-C026D75E4C7E}.Release|Any CPU.Build.0 = Release|Any CPU
		{C615EB7C-2739-4D9E-AD99-537ED8824313}.Debug|Any CPU.ActiveCfg = Debug|Any CPU
		{C615EB7C-2739-4D9E-AD99-537ED8824313}.Debug|Any CPU.Build.0 = Debug|Any CPU
		{C615EB7C-2739-4D9E-AD99-537ED8824313}.Release|Any CPU.ActiveCfg = Release|Any CPU
		{C615EB7C-2739-4D9E-AD99-537ED8824313}.Release|Any CPU.Build.0 = Release|Any CPU
	EndGlobalSection
EndGlobal
